// !$*UTF8*$!
{
	archiveVersion = 1;
	classes = {
	};
	objectVersion = 50;
	objects = {

/* Begin PBXBuildFile section */
		C336581D52476F00546B70ED /* Pods_RX_SERIES.framework in Frameworks */ = {isa = PBXBuildFile; fileRef = D3A7CA125ABABBA0FA6711DF /* Pods_RX_SERIES.framework */; };
		C45343E121F09A7B0099DE5B /* AppDelegate.swift in Sources */ = {isa = PBXBuildFile; fileRef = C45343E021F09A7B0099DE5B /* AppDelegate.swift */; };
		C45343E321F09A7B0099DE5B /* ViewController.swift in Sources */ = {isa = PBXBuildFile; fileRef = C45343E221F09A7B0099DE5B /* ViewController.swift */; };
		C45343E621F09A7B0099DE5B /* Main.storyboard in Resources */ = {isa = PBXBuildFile; fileRef = C45343E421F09A7B0099DE5B /* Main.storyboard */; };
		C45343E821F09A800099DE5B /* Assets.xcassets in Resources */ = {isa = PBXBuildFile; fileRef = C45343E721F09A800099DE5B /* Assets.xcassets */; };
		C45343EB21F09A800099DE5B /* LaunchScreen.storyboard in Resources */ = {isa = PBXBuildFile; fileRef = C45343E921F09A800099DE5B /* LaunchScreen.storyboard */; };
/* End PBXBuildFile section */

/* Begin PBXFileReference section */
		C45343DD21F09A7B0099DE5B /* RX-SERIES.app */ = {isa = PBXFileReference; explicitFileType = wrapper.application; includeInIndex = 0; path = "RX-SERIES.app"; sourceTree = BUILT_PRODUCTS_DIR; };
		C45343E021F09A7B0099DE5B /* AppDelegate.swift */ = {isa = PBXFileReference; lastKnownFileType = sourcecode.swift; path = AppDelegate.swift; sourceTree = "<group>"; };
		C45343E221F09A7B0099DE5B /* ViewController.swift */ = {isa = PBXFileReference; lastKnownFileType = sourcecode.swift; path = ViewController.swift; sourceTree = "<group>"; };
		C45343E521F09A7B0099DE5B /* Base */ = {isa = PBXFileReference; lastKnownFileType = file.storyboard; name = Base; path = Base.lproj/Main.storyboard; sourceTree = "<group>"; };
		C45343E721F09A800099DE5B /* Assets.xcassets */ = {isa = PBXFileReference; lastKnownFileType = folder.assetcatalog; path = Assets.xcassets; sourceTree = "<group>"; };
		C45343EA21F09A800099DE5B /* Base */ = {isa = PBXFileReference; lastKnownFileType = file.storyboard; name = Base; path = Base.lproj/LaunchScreen.storyboard; sourceTree = "<group>"; };
		C45343EC21F09A800099DE5B /* Info.plist */ = {isa = PBXFileReference; lastKnownFileType = text.plist.xml; path = Info.plist; sourceTree = "<group>"; };
		D3A7CA125ABABBA0FA6711DF /* Pods_RX_SERIES.framework */ = {isa = PBXFileReference; explicitFileType = wrapper.framework; includeInIndex = 0; path = Pods_RX_SERIES.framework; sourceTree = BUILT_PRODUCTS_DIR; };
		E7D2475403BC35E4CDE43D29 /* Pods-RX-SERIES.debug.xcconfig */ = {isa = PBXFileReference; includeInIndex = 1; lastKnownFileType = text.xcconfig; name = "Pods-RX-SERIES.debug.xcconfig"; path = "Pods/Target Support Files/Pods-RX-SERIES/Pods-RX-SERIES.debug.xcconfig"; sourceTree = "<group>"; };
		F090C0666DF286DCDB52B026 /* Pods-RX-SERIES.release.xcconfig */ = {isa = PBXFileReference; includeInIndex = 1; lastKnownFileType = text.xcconfig; name = "Pods-RX-SERIES.release.xcconfig"; path = "Pods/Target Support Files/Pods-RX-SERIES/Pods-RX-SERIES.release.xcconfig"; sourceTree = "<group>"; };
/* End PBXFileReference section */

/* Begin PBXFrameworksBuildPhase section */
		C45343DA21F09A7B0099DE5B /* Frameworks */ = {
			isa = PBXFrameworksBuildPhase;
			buildActionMask = 2147483647;
			files = (
				C336581D52476F00546B70ED /* Pods_RX_SERIES.framework in Frameworks */,
			);
			runOnlyForDeploymentPostprocessing = 0;
		};
/* End PBXFrameworksBuildPhase section */

/* Begin PBXGroup section */
		62224BCD92C89298ABB2EE8F /* Frameworks */ = {
			isa = PBXGroup;
			children = (
				D3A7CA125ABABBA0FA6711DF /* Pods_RX_SERIES.framework */,
			);
			name = Frameworks;
			sourceTree = "<group>";
		};
		C45343D421F09A7A0099DE5B = {
			isa = PBXGroup;
			children = (
				C45343DF21F09A7B0099DE5B /* RX-SERIES */,
				C45343DE21F09A7B0099DE5B /* Products */,
				E53F98E709CEB1AC2226B4D0 /* Pods */,
				62224BCD92C89298ABB2EE8F /* Frameworks */,
			);
			sourceTree = "<group>";
		};
		C45343DE21F09A7B0099DE5B /* Products */ = {
			isa = PBXGroup;
			children = (
				C45343DD21F09A7B0099DE5B /* RX-SERIES.app */,
			);
			name = Products;
			sourceTree = "<group>";
		};
		C45343DF21F09A7B0099DE5B /* RX-SERIES */ = {
			isa = PBXGroup;
			children = (
				C45343E021F09A7B0099DE5B /* AppDelegate.swift */,
				C45343E221F09A7B0099DE5B /* ViewController.swift */,
				C45343E421F09A7B0099DE5B /* Main.storyboard */,
				C45343E721F09A800099DE5B /* Assets.xcassets */,
				C45343E921F09A800099DE5B /* LaunchScreen.storyboard */,
				C45343EC21F09A800099DE5B /* Info.plist */,
			);
			path = "RX-SERIES";
			sourceTree = "<group>";
		};
		E53F98E709CEB1AC2226B4D0 /* Pods */ = {
			isa = PBXGroup;
			children = (
				E7D2475403BC35E4CDE43D29 /* Pods-RX-SERIES.debug.xcconfig */,
				F090C0666DF286DCDB52B026 /* Pods-RX-SERIES.release.xcconfig */,
			);
			name = Pods;
			sourceTree = "<group>";
		};
/* End PBXGroup section */

/* Begin PBXNativeTarget section */
		C45343DC21F09A7B0099DE5B /* RX-SERIES */ = {
			isa = PBXNativeTarget;
			buildConfigurationList = C45343EF21F09A800099DE5B /* Build configuration list for PBXNativeTarget "RX-SERIES" */;
			buildPhases = (
				2ACA311D6412D8D57A303B96 /* [CP] Check Pods Manifest.lock */,
				C45343D921F09A7B0099DE5B /* Sources */,
				C45343DA21F09A7B0099DE5B /* Frameworks */,
				C45343DB21F09A7B0099DE5B /* Resources */,
				FE99285C19DE474CDF97ABDD /* [CP] Embed Pods Frameworks */,
			);
			buildRules = (
			);
			dependencies = (
			);
			name = "RX-SERIES";
			productName = "RX-SERIES";
			productReference = C45343DD21F09A7B0099DE5B /* RX-SERIES.app */;
			productType = "com.apple.product-type.application";
		};
/* End PBXNativeTarget section */

/* Begin PBXProject section */
		C45343D521F09A7A0099DE5B /* Project object */ = {
			isa = PBXProject;
			attributes = {
				LastSwiftUpdateCheck = 1010;
				LastUpgradeCheck = 1010;
				ORGANIZATIONNAME = "Mensah Shadrach";
				TargetAttributes = {
					C45343DC21F09A7B0099DE5B = {
						CreatedOnToolsVersion = 10.1;
					};
				};
			};
			buildConfigurationList = C45343D821F09A7A0099DE5B /* Build configuration list for PBXProject "RX-SERIES" */;
			compatibilityVersion = "Xcode 9.3";
			developmentRegion = en;
			hasScannedForEncodings = 0;
			knownRegions = (
				en,
				Base,
			);
			mainGroup = C45343D421F09A7A0099DE5B;
			productRefGroup = C45343DE21F09A7B0099DE5B /* Products */;
			projectDirPath = "";
			projectRoot = "";
			targets = (
				C45343DC21F09A7B0099DE5B /* RX-SERIES */,
			);
		};
/* End PBXProject section */

/* Begin PBXResourcesBuildPhase section */
		C45343DB21F09A7B0099DE5B /* Resources */ = {
			isa = PBXResourcesBuildPhase;
			buildActionMask = 2147483647;
			files = (
				C45343EB21F09A800099DE5B /* LaunchScreen.storyboard in Resources */,
				C45343E821F09A800099DE5B /* Assets.xcassets in Resources */,
				C45343E621F09A7B0099DE5B /* Main.storyboard in Resources */,
			);
			runOnlyForDeploymentPostprocessing = 0;
		};
/* End PBXResourcesBuildPhase section */

/* Begin PBXShellScriptBuildPhase section */
		2ACA311D6412D8D57A303B96 /* [CP] Check Pods Manifest.lock */ = {
			isa = PBXShellScriptBuildPhase;
			buildActionMask = 2147483647;
			files = (
			);
			inputFileListPaths = (
			);
			inputPaths = (
				"${PODS_PODFILE_DIR_PATH}/Podfile.lock",
				"${PODS_ROOT}/Manifest.lock",
			);
			name = "[CP] Check Pods Manifest.lock";
			outputFileListPaths = (
			);
			outputPaths = (
				"$(DERIVED_FILE_DIR)/Pods-RX-SERIES-checkManifestLockResult.txt",
			);
			runOnlyForDeploymentPostprocessing = 0;
			shellPath = /bin/sh;
			shellScript = "diff \"${PODS_PODFILE_DIR_PATH}/Podfile.lock\" \"${PODS_ROOT}/Manifest.lock\" > /dev/null\nif [ $? != 0 ] ; then\n    # print error to STDERR\n    echo \"error: The sandbox is not in sync with the Podfile.lock. Run 'pod install' or update your CocoaPods installation.\" >&2\n    exit 1\nfi\n# This output is used by Xcode 'outputs' to avoid re-running this script phase.\necho \"SUCCESS\" > \"${SCRIPT_OUTPUT_FILE_0}\"\n";
			showEnvVarsInLog = 0;
		};
		FE99285C19DE474CDF97ABDD /* [CP] Embed Pods Frameworks */ = {
			isa = PBXShellScriptBuildPhase;
			buildActionMask = 2147483647;
			files = (
			);
			inputFileListPaths = (
			);
			inputPaths = (
				"${SRCROOT}/Pods/Target Support Files/Pods-RX-SERIES/Pods-RX-SERIES-frameworks.sh",
				"${BUILT_PRODUCTS_DIR}/RxAtomic/RxAtomic.framework",
				"${BUILT_PRODUCTS_DIR}/RxCocoa/RxCocoa.framework",
				"${BUILT_PRODUCTS_DIR}/RxSwift/RxSwift.framework",
			);
			name = "[CP] Embed Pods Frameworks";
			outputFileListPaths = (
			);
			outputPaths = (
				"${TARGET_BUILD_DIR}/${FRAMEWORKS_FOLDER_PATH}/RxAtomic.framework",
				"${TARGET_BUILD_DIR}/${FRAMEWORKS_FOLDER_PATH}/RxCocoa.framework",
				"${TARGET_BUILD_DIR}/${FRAMEWORKS_FOLDER_PATH}/RxSwift.framework",
			);
			runOnlyForDeploymentPostprocessing = 0;
			shellPath = /bin/sh;
			shellScript = "\"${SRCROOT}/Pods/Target Support Files/Pods-RX-SERIES/Pods-RX-SERIES-frameworks.sh\"\n";
			showEnvVarsInLog = 0;
		};
/* End PBXShellScriptBuildPhase section */

/* Begin PBXSourcesBuildPhase section */
		C45343D921F09A7B0099DE5B /* Sources */ = {
			isa = PBXSourcesBuildPhase;
			buildActionMask = 2147483647;
			files = (
				C45343E321F09A7B0099DE5B /* ViewController.swift in Sources */,
				C45343E121F09A7B0099DE5B /* AppDelegate.swift in Sources */,
			);
			runOnlyForDeploymentPostprocessing = 0;
		};
/* End PBXSourcesBuildPhase section */

/* Begin PBXVariantGroup section */
		C45343E421F09A7B0099DE5B /* Main.storyboard */ = {
			isa = PBXVariantGroup;
			children = (
				C45343E521F09A7B0099DE5B /* Base */,
			);
			name = Main.storyboard;
			sourceTree = "<group>";
		};
		C45343E921F09A800099DE5B /* LaunchScreen.storyboard */ = {
			isa = PBXVariantGroup;
			children = (
				C45343EA21F09A800099DE5B /* Base */,
			);
			name = LaunchScreen.storyboard;
			sourceTree = "<group>";
		};
/* End PBXVariantGroup section */

/* Begin XCBuildConfiguration section */
		C45343ED21F09A800099DE5B /* Debug */ = {
			isa = XCBuildConfiguration;
			buildSettings = {
				ALWAYS_SEARCH_USER_PATHS = NO;
				CLANG_ANALYZER_NONNULL = YES;
				CLANG_ANALYZER_NUMBER_OBJECT_CONVERSION = YES_AGGRESSIVE;
				CLANG_CXX_LANGUAGE_STANDARD = "gnu++14";
				CLANG_CXX_LIBRARY = "libc++";
				CLANG_ENABLE_MODULES = YES;
				CLANG_ENABLE_OBJC_ARC = YES;
				CLANG_ENABLE_OBJC_WEAK = YES;
				CLANG_WARN_BLOCK_CAPTURE_AUTORELEASING = YES;
				CLANG_WARN_BOOL_CONVERSION = YES;
				CLANG_WARN_COMMA = YES;
				CLANG_WARN_CONSTANT_CONVERSION = YES;
				CLANG_WARN_DEPRECATED_OBJC_IMPLEMENTATIONS = YES;
				CLANG_WARN_DIRECT_OBJC_ISA_USAGE = YES_ERROR;
				CLANG_WARN_DOCUMENTATION_COMMENTS = YES;
				CLANG_WARN_EMPTY_BODY = YES;
				CLANG_WARN_ENUM_CONVERSION = YES;
				CLANG_WARN_INFINITE_RECURSION = YES;
				CLANG_WARN_INT_CONVERSION = YES;
				CLANG_WARN_NON_LITERAL_NULL_CONVERSION = YES;
				CLANG_WARN_OBJC_IMPLICIT_RETAIN_SELF = YES;
				CLANG_WARN_OBJC_LITERAL_CONVERSION = YES;
				CLANG_WARN_OBJC_ROOT_CLASS = YES_ERROR;
				CLANG_WARN_RANGE_LOOP_ANALYSIS = YES;
				CLANG_WARN_STRICT_PROTOTYPES = YES;
				CLANG_WARN_SUSPICIOUS_MOVE = YES;
				CLANG_WARN_UNGUARDED_AVAILABILITY = YES_AGGRESSIVE;
				CLANG_WARN_UNREACHABLE_CODE = YES;
				CLANG_WARN__DUPLICATE_METHOD_MATCH = YES;
				CODE_SIGN_IDENTITY = "iPhone Developer";
				COPY_PHASE_STRIP = NO;
				DEBUG_INFORMATION_FORMAT = dwarf;
				ENABLE_STRICT_OBJC_MSGSEND = YES;
				ENABLE_TESTABILITY = YES;
				GCC_C_LANGUAGE_STANDARD = gnu11;
				GCC_DYNAMIC_NO_PIC = NO;
				GCC_NO_COMMON_BLOCKS = YES;
				GCC_OPTIMIZATION_LEVEL = 0;
				GCC_PREPROCESSOR_DEFINITIONS = (
					"DEBUG=1",
					"$(inherited)",
				);
				GCC_WARN_64_TO_32_BIT_CONVERSION = YES;
				GCC_WARN_ABOUT_RETURN_TYPE = YES_ERROR;
				GCC_WARN_UNDECLARED_SELECTOR = YES;
				GCC_WARN_UNINITIALIZED_AUTOS = YES_AGGRESSIVE;
				GCC_WARN_UNUSED_FUNCTION = YES;
				GCC_WARN_UNUSED_VARIABLE = YES;
				IPHONEOS_DEPLOYMENT_TARGET = 12.1;
				MTL_ENABLE_DEBUG_INFO = INCLUDE_SOURCE;
				MTL_FAST_MATH = YES;
				ONLY_ACTIVE_ARCH = YES;
				SDKROOT = iphoneos;
				SWIFT_ACTIVE_COMPILATION_CONDITIONS = DEBUG;
				SWIFT_OPTIMIZATION_LEVEL = "-Onone";
			};
			name = Debug;
		};
		C45343EE21F09A800099DE5B /* Release */ = {
			isa = XCBuildConfiguration;
			buildSettings = {
				ALWAYS_SEARCH_USER_PATHS = NO;
				CLANG_ANALYZER_NONNULL = YES;
				CLANG_ANALYZER_NUMBER_OBJECT_CONVERSION = YES_AGGRESSIVE;
				CLANG_CXX_LANGUAGE_STANDARD = "gnu++14";
				CLANG_CXX_LIBRARY = "libc++";
				CLANG_ENABLE_MODULES = YES;
				CLANG_ENABLE_OBJC_ARC = YES;
				CLANG_ENABLE_OBJC_WEAK = YES;
				CLANG_WARN_BLOCK_CAPTURE_AUTORELEASING = YES;
				CLANG_WARN_BOOL_CONVERSION = YES;
				CLANG_WARN_COMMA = YES;
				CLANG_WARN_CONSTANT_CONVERSION = YES;
				CLANG_WARN_DEPRECATED_OBJC_IMPLEMENTATIONS = YES;
				CLANG_WARN_DIRECT_OBJC_ISA_USAGE = YES_ERROR;
				CLANG_WARN_DOCUMENTATION_COMMENTS = YES;
				CLANG_WARN_EMPTY_BODY = YES;
				CLANG_WARN_ENUM_CONVERSION = YES;
				CLANG_WARN_INFINITE_RECURSION = YES;
				CLANG_WARN_INT_CONVERSION = YES;
				CLANG_WARN_NON_LITERAL_NULL_CONVERSION = YES;
				CLANG_WARN_OBJC_IMPLICIT_RETAIN_SELF = YES;
				CLANG_WARN_OBJC_LITERAL_CONVERSION = YES;
				CLANG_WARN_OBJC_ROOT_CLASS = YES_ERROR;
				CLANG_WARN_RANGE_LOOP_ANALYSIS = YES;
				CLANG_WARN_STRICT_PROTOTYPES = YES;
				CLANG_WARN_SUSPICIOUS_MOVE = YES;
				CLANG_WARN_UNGUARDED_AVAILABILITY = YES_AGGRESSIVE;
				CLANG_WARN_UNREACHABLE_CODE = YES;
				CLANG_WARN__DUPLICATE_METHOD_MATCH = YES;
				CODE_SIGN_IDENTITY = "iPhone Developer";
				COPY_PHASE_STRIP = NO;
				DEBUG_INFORMATION_FORMAT = "dwarf-with-dsym";
				ENABLE_NS_ASSERTIONS = NO;
				ENABLE_STRICT_OBJC_MSGSEND = YES;
				GCC_C_LANGUAGE_STANDARD = gnu11;
				GCC_NO_COMMON_BLOCKS = YES;
				GCC_WARN_64_TO_32_BIT_CONVERSION = YES;
				GCC_WARN_ABOUT_RETURN_TYPE = YES_ERROR;
				GCC_WARN_UNDECLARED_SELECTOR = YES;
				GCC_WARN_UNINITIALIZED_AUTOS = YES_AGGRESSIVE;
				GCC_WARN_UNUSED_FUNCTION = YES;
				GCC_WARN_UNUSED_VARIABLE = YES;
				IPHONEOS_DEPLOYMENT_TARGET = 12.1;
				MTL_ENABLE_DEBUG_INFO = NO;
				MTL_FAST_MATH = YES;
				SDKROOT = iphoneos;
				SWIFT_COMPILATION_MODE = wholemodule;
				SWIFT_OPTIMIZATION_LEVEL = "-O";
				VALIDATE_PRODUCT = YES;
			};
			name = Release;
		};
		C45343F021F09A800099DE5B /* Debug */ = {
			isa = XCBuildConfiguration;
			baseConfigurationReference = E7D2475403BC35E4CDE43D29 /* Pods-RX-SERIES.debug.xcconfig */;
			buildSettings = {
				ASSETCATALOG_COMPILER_APPICON_NAME = AppIcon;
				CODE_SIGN_STYLE = Automatic;
				DEVELOPMENT_TEAM = MB46J93Q7Z;
				INFOPLIST_FILE = "RX-SERIES/Info.plist";
				LD_RUNPATH_SEARCH_PATHS = (
					"$(inherited)",
					"@executable_path/Frameworks",
				);
				PRODUCT_BUNDLE_IDENTIFIER = "com.codesworth.RX-SERIES";
				PRODUCT_NAME = "$(TARGET_NAME)";
				SWIFT_VERSION = 4.2;
				TARGETED_DEVICE_FAMILY = "1,2";
			};
			name = Debug;
		};
		C45343F121F09A800099DE5B /* Release */ = {
			isa = XCBuildConfiguration;
			baseConfigurationReference = F090C0666DF286DCDB52B026 /* Pods-RX-SERIES.release.xcconfig */;
			buildSettings = {
				ASSETCATALOG_COMPILER_APPICON_NAME = AppIcon;
				CODE_SIGN_STYLE = Automatic;
				DEVELOPMENT_TEAM = MB46J93Q7Z;
				INFOPLIST_FILE = "RX-SERIES/Info.plist";
				LD_RUNPATH_SEARCH_PATHS = (
					"$(inherited)",
					"@executable_path/Frameworks",
				);
				PRODUCT_BUNDLE_IDENTIFIER = "com.codesworth.RX-SERIES";
				PRODUCT_NAME = "$(TARGET_NAME)";
				SWIFT_VERSION = 4.2;
				TARGETED_DEVICE_FAMILY = "1,2";
			};
			name = Release;
		};
/* End XCBuildConfiguration section */

/* Begin XCConfigurationList section */
		C45343D821F09A7A0099DE5B /* Build configuration list for PBXProject "RX-SERIES" */ = {
			isa = XCConfigurationList;
			buildConfigurations = (
				C45343ED21F09A800099DE5B /* Debug */,
				C45343EE21F09A800099DE5B /* Release */,
			);
			defaultConfigurationIsVisible = 0;
			defaultConfigurationName = Release;
		};
		C45343EF21F09A800099DE5B /* Build configuration list for PBXNativeTarget "RX-SERIES" */ = {
			isa = XCConfigurationList;
			buildConfigurations = (
				C45343F021F09A800099DE5B /* Debug */,
				C45343F121F09A800099DE5B /* Release */,
			);
			defaultConfigurationIsVisible = 0;
			defaultConfigurationName = Release;
		};
/* End XCConfigurationList section */
	};
	rootObject = C45343D521F09A7A0099DE5B /* Project object */;
}
